
Microsoft Visual Studio Solution File, Format Version 11.00
# Visual C++ Express 2010
Project("{8BC9CEB8-8B4A-11D0-8D11-00A0C91BC942}") = "SequentialSearch", "SequentialSearch\SequentialSearch.vcxproj", "{D9BFE450-1686-4D1D-8BB5-9D3AA8F1E9EA}"
EndProject
Global
	GlobalSection(SolutionConfigurationPlatforms) = preSolution
		Debug|Win32 = Debug|Win32
		Release|Win32 = Release|Win32
	EndGlobalSection
	GlobalSection(ProjectConfigurationPlatforms) = postSolution
		{D9BFE450-1686-4D1D-8BB5-9D3AA8F1E9EA}.Debug|Win32.ActiveCfg = Debug|Win32
		{D9BFE450-1686-4D1D-8BB5-9D3AA8F1E9EA}.Debug|Win32.Build.0 = Debug|Win32
		{D9BFE450-1686-4D1D-8BB5-9D3AA8F1E9EA}.Release|Win32.ActiveCfg = Release|Win32
		{D9BFE450-1686-4D1D-8BB5-9D3AA8F1E9EA}.Release|Win32.Build.0 = Release|Win32
	EndGlobalSection
	GlobalSection(SolutionProperties) = preSolution
		HideSolutionNode = FALSE
	EndGlobalSection
EndGlobal
