
Microsoft Visual Studio Solution File, Format Version 11.00
# Visual C++ Express 2010
Project("{8BC9CEB8-8B4A-11D0-8D11-00A0C91BC942}") = "InfiniteLoop", "InfiniteLoop\InfiniteLoop.vcxproj", "{8B5829E4-21DB-4FF7-898A-1FB71D7055E9}"
EndProject
Global
	GlobalSection(SolutionConfigurationPlatforms) = preSolution
		Debug|Win32 = Debug|Win32
		Release|Win32 = Release|Win32
	EndGlobalSection
	GlobalSection(ProjectConfigurationPlatforms) = postSolution
		{8B5829E4-21DB-4FF7-898A-1FB71D7055E9}.Debug|Win32.ActiveCfg = Debug|Win32
		{8B5829E4-21DB-4FF7-898A-1FB71D7055E9}.Debug|Win32.Build.0 = Debug|Win32
		{8B5829E4-21DB-4FF7-898A-1FB71D7055E9}.Release|Win32.ActiveCfg = Release|Win32
		{8B5829E4-21DB-4FF7-898A-1FB71D7055E9}.Release|Win32.Build.0 = Release|Win32
	EndGlobalSection
	GlobalSection(SolutionProperties) = preSolution
		HideSolutionNode = FALSE
	EndGlobalSection
EndGlobal
