
Microsoft Visual Studio Solution File, Format Version 11.00
# Visual C++ Express 2010
Project("{8BC9CEB8-8B4A-11D0-8D11-00A0C91BC942}") = "VariableInit", "VariableInit\VariableInit.vcxproj", "{D004FAD2-2073-4B4F-94AA-CC0716BE3B71}"
EndProject
Global
	GlobalSection(SolutionConfigurationPlatforms) = preSolution
		Debug|Win32 = Debug|Win32
		Release|Win32 = Release|Win32
	EndGlobalSection
	GlobalSection(ProjectConfigurationPlatforms) = postSolution
		{D004FAD2-2073-4B4F-94AA-CC0716BE3B71}.Debug|Win32.ActiveCfg = Debug|Win32
		{D004FAD2-2073-4B4F-94AA-CC0716BE3B71}.Debug|Win32.Build.0 = Debug|Win32
		{D004FAD2-2073-4B4F-94AA-CC0716BE3B71}.Release|Win32.ActiveCfg = Release|Win32
		{D004FAD2-2073-4B4F-94AA-CC0716BE3B71}.Release|Win32.Build.0 = Release|Win32
	EndGlobalSection
	GlobalSection(SolutionProperties) = preSolution
		HideSolutionNode = FALSE
	EndGlobalSection
EndGlobal
