
Microsoft Visual Studio Solution File, Format Version 11.00
# Visual C++ Express 2010
Project("{8BC9CEB8-8B4A-11D0-8D11-00A0C91BC942}") = "NamedConstant", "NamedConstant\NamedConstant.vcxproj", "{670903C0-2FE2-4826-B96E-4EE122597E43}"
EndProject
Global
	GlobalSection(SolutionConfigurationPlatforms) = preSolution
		Debug|Win32 = Debug|Win32
		Release|Win32 = Release|Win32
	EndGlobalSection
	GlobalSection(ProjectConfigurationPlatforms) = postSolution
		{670903C0-2FE2-4826-B96E-4EE122597E43}.Debug|Win32.ActiveCfg = Debug|Win32
		{670903C0-2FE2-4826-B96E-4EE122597E43}.Debug|Win32.Build.0 = Debug|Win32
		{670903C0-2FE2-4826-B96E-4EE122597E43}.Release|Win32.ActiveCfg = Release|Win32
		{670903C0-2FE2-4826-B96E-4EE122597E43}.Release|Win32.Build.0 = Release|Win32
	EndGlobalSection
	GlobalSection(SolutionProperties) = preSolution
		HideSolutionNode = FALSE
	EndGlobalSection
EndGlobal
